// !$*UTF8*$!
{
	archiveVersion = 1;
	classes = {
	};
	objectVersion = 46;
	objects = {

/* Begin PBXBuildFile section */
		845C71801C1E5DD2009F99E4 /* main.m in Sources */ = {isa = PBXBuildFile; fileRef = 845C717F1C1E5DD2009F99E4 /* main.m */; };
		845C71831C1E5DD2009F99E4 /* AppDelegate.m in Sources */ = {isa = PBXBuildFile; fileRef = 845C71821C1E5DD2009F99E4 /* AppDelegate.m */; };
		845C71861C1E5DD2009F99E4 /* ViewController.m in Sources */ = {isa = PBXBuildFile; fileRef = 845C71851C1E5DD2009F99E4 /* ViewController.m */; };
		845C71891C1E5DD2009F99E4 /* Main.storyboard in Resources */ = {isa = PBXBuildFile; fileRef = 845C71871C1E5DD2009F99E4 /* Main.storyboard */; };
		845C718B1C1E5DD2009F99E4 /* Assets.xcassets in Resources */ = {isa = PBXBuildFile; fileRef = 845C718A1C1E5DD2009F99E4 /* Assets.xcassets */; };
		845C718E1C1E5DD2009F99E4 /* LaunchScreen.storyboard in Resources */ = {isa = PBXBuildFile; fileRef = 845C718C1C1E5DD2009F99E4 /* LaunchScreen.storyboard */; };
		845C71971C1E5F5B009F99E4 /* PresentViewController.m in Sources */ = {isa = PBXBuildFile; fileRef = 845C71961C1E5F5B009F99E4 /* PresentViewController.m */; };
		845C719A1C1E6C0E009F99E4 /* RotationAniamtionTransition.m in Sources */ = {isa = PBXBuildFile; fileRef = 845C71991C1E6C0E009F99E4 /* RotationAniamtionTransition.m */; };
/* End PBXBuildFile section */

/* Begin PBXFileReference section */
		845C717B1C1E5DD2009F99E4 /* UIViewControllerTransition.app */ = {isa = PBXFileReference; explicitFileType = wrapper.application; includeInIndex = 0; path = UIViewControllerTransition.app; sourceTree = BUILT_PRODUCTS_DIR; };
		845C717F1C1E5DD2009F99E4 /* main.m */ = {isa = PBXFileReference; lastKnownFileType = sourcecode.c.objc; path = main.m; sourceTree = "<group>"; };
		845C71811C1E5DD2009F99E4 /* AppDelegate.h */ = {isa = PBXFileReference; lastKnownFileType = sourcecode.c.h; path = AppDelegate.h; sourceTree = "<group>"; };
		845C71821C1E5DD2009F99E4 /* AppDelegate.m */ = {isa = PBXFileReference; lastKnownFileType = sourcecode.c.objc; path = AppDelegate.m; sourceTree = "<group>"; };
		845C71841C1E5DD2009F99E4 /* ViewController.h */ = {isa = PBXFileReference; lastKnownFileType = sourcecode.c.h; path = ViewController.h; sourceTree = "<group>"; };
		845C71851C1E5DD2009F99E4 /* ViewController.m */ = {isa = PBXFileReference; lastKnownFileType = sourcecode.c.objc; path = ViewController.m; sourceTree = "<group>"; };
		845C71881C1E5DD2009F99E4 /* Base */ = {isa = PBXFileReference; lastKnownFileType = file.storyboard; name = Base; path = Base.lproj/Main.storyboard; sourceTree = "<group>"; };
		845C718A1C1E5DD2009F99E4 /* Assets.xcassets */ = {isa = PBXFileReference; lastKnownFileType = folder.assetcatalog; path = Assets.xcassets; sourceTree = "<group>"; };
		845C718D1C1E5DD2009F99E4 /* Base */ = {isa = PBXFileReference; lastKnownFileType = file.storyboard; name = Base; path = Base.lproj/LaunchScreen.storyboard; sourceTree = "<group>"; };
		845C718F1C1E5DD2009F99E4 /* Info.plist */ = {isa = PBXFileReference; lastKnownFileType = text.plist.xml; path = Info.plist; sourceTree = "<group>"; };
		845C71951C1E5F5B009F99E4 /* PresentViewController.h */ = {isa = PBXFileReference; fileEncoding = 4; lastKnownFileType = sourcecode.c.h; path = PresentViewController.h; sourceTree = "<group>"; };
		845C71961C1E5F5B009F99E4 /* PresentViewController.m */ = {isa = PBXFileReference; fileEncoding = 4; lastKnownFileType = sourcecode.c.objc; path = PresentViewController.m; sourceTree = "<group>"; };
		845C71981C1E6C0E009F99E4 /* RotationAniamtionTransition.h */ = {isa = PBXFileReference; fileEncoding = 4; lastKnownFileType = sourcecode.c.h; path = RotationAniamtionTransition.h; sourceTree = "<group>"; };
		845C71991C1E6C0E009F99E4 /* RotationAniamtionTransition.m */ = {isa = PBXFileReference; fileEncoding = 4; lastKnownFileType = sourcecode.c.objc; path = RotationAniamtionTransition.m; sourceTree = "<group>"; };
/* End PBXFileReference section */

/* Begin PBXFrameworksBuildPhase section */
		845C71781C1E5DD2009F99E4 /* Frameworks */ = {
			isa = PBXFrameworksBuildPhase;
			buildActionMask = 2147483647;
			files = (
			);
			runOnlyForDeploymentPostprocessing = 0;
		};
/* End PBXFrameworksBuildPhase section */

/* Begin PBXGroup section */
		845C71721C1E5DD2009F99E4 = {
			isa = PBXGroup;
			children = (
				845C717D1C1E5DD2009F99E4 /* UIViewControllerTransition */,
				845C717C1C1E5DD2009F99E4 /* Products */,
			);
			sourceTree = "<group>";
		};
		845C717C1C1E5DD2009F99E4 /* Products */ = {
			isa = PBXGroup;
			children = (
				845C717B1C1E5DD2009F99E4 /* UIViewControllerTransition.app */,
			);
			name = Products;
			sourceTree = "<group>";
		};
		845C717D1C1E5DD2009F99E4 /* UIViewControllerTransition */ = {
			isa = PBXGroup;
			children = (
				845C71811C1E5DD2009F99E4 /* AppDelegate.h */,
				845C71821C1E5DD2009F99E4 /* AppDelegate.m */,
				845C71841C1E5DD2009F99E4 /* ViewController.h */,
				845C71851C1E5DD2009F99E4 /* ViewController.m */,
				845C71951C1E5F5B009F99E4 /* PresentViewController.h */,
				845C71961C1E5F5B009F99E4 /* PresentViewController.m */,
				845C71981C1E6C0E009F99E4 /* RotationAniamtionTransition.h */,
				845C71991C1E6C0E009F99E4 /* RotationAniamtionTransition.m */,
				845C71871C1E5DD2009F99E4 /* Main.storyboard */,
				845C718A1C1E5DD2009F99E4 /* Assets.xcassets */,
				845C718C1C1E5DD2009F99E4 /* LaunchScreen.storyboard */,
				845C718F1C1E5DD2009F99E4 /* Info.plist */,
				845C717E1C1E5DD2009F99E4 /* Supporting Files */,
			);
			path = UIViewControllerTransition;
			sourceTree = "<group>";
		};
		845C717E1C1E5DD2009F99E4 /* Supporting Files */ = {
			isa = PBXGroup;
			children = (
				845C717F1C1E5DD2009F99E4 /* main.m */,
			);
			name = "Supporting Files";
			sourceTree = "<group>";
		};
/* End PBXGroup section */

/* Begin PBXNativeTarget section */
		845C717A1C1E5DD2009F99E4 /* UIViewControllerTransition */ = {
			isa = PBXNativeTarget;
			buildConfigurationList = 845C71921C1E5DD2009F99E4 /* Build configuration list for PBXNativeTarget "UIViewControllerTransition" */;
			buildPhases = (
				845C71771C1E5DD2009F99E4 /* Sources */,
				845C71781C1E5DD2009F99E4 /* Frameworks */,
				845C71791C1E5DD2009F99E4 /* Resources */,
			);
			buildRules = (
			);
			dependencies = (
			);
			name = UIViewControllerTransition;
			productName = UIViewControllerTransition;
			productReference = 845C717B1C1E5DD2009F99E4 /* UIViewControllerTransition.app */;
			productType = "com.apple.product-type.application";
		};
/* End PBXNativeTarget section */

/* Begin PBXProject section */
		845C71731C1E5DD2009F99E4 /* Project object */ = {
			isa = PBXProject;
			attributes = {
				LastUpgradeCheck = 0720;
				ORGANIZATIONNAME = taitanxiami;
				TargetAttributes = {
					845C717A1C1E5DD2009F99E4 = {
						CreatedOnToolsVersion = 7.2;
					};
				};
			};
			buildConfigurationList = 845C71761C1E5DD2009F99E4 /* Build configuration list for PBXProject "UIViewControllerTransition" */;
			compatibilityVersion = "Xcode 3.2";
			developmentRegion = English;
			hasScannedForEncodings = 0;
			knownRegions = (
				en,
				Base,
			);
			mainGroup = 845C71721C1E5DD2009F99E4;
			productRefGroup = 845C717C1C1E5DD2009F99E4 /* Products */;
			projectDirPath = "";
			projectRoot = "";
			targets = (
				845C717A1C1E5DD2009F99E4 /* UIViewControllerTransition */,
			);
		};
/* End PBXProject section */

/* Begin PBXResourcesBuildPhase section */
		845C71791C1E5DD2009F99E4 /* Resources */ = {
			isa = PBXResourcesBuildPhase;
			buildActionMask = 2147483647;
			files = (
				845C718E1C1E5DD2009F99E4 /* LaunchScreen.storyboard in Resources */,
				845C718B1C1E5DD2009F99E4 /* Assets.xcassets in Resources */,
				845C71891C1E5DD2009F99E4 /* Main.storyboard in Resources */,
			);
			runOnlyForDeploymentPostprocessing = 0;
		};
/* End PBXResourcesBuildPhase section */

/* Begin PBXSourcesBuildPhase section */
		845C71771C1E5DD2009F99E4 /* Sources */ = {
			isa = PBXSourcesBuildPhase;
			buildActionMask = 2147483647;
			files = (
				845C71861C1E5DD2009F99E4 /* ViewController.m in Sources */,
				845C71831C1E5DD2009F99E4 /* AppDelegate.m in Sources */,
				845C71971C1E5F5B009F99E4 /* PresentViewController.m in Sources */,
				845C71801C1E5DD2009F99E4 /* main.m in Sources */,
				845C719A1C1E6C0E009F99E4 /* RotationAniamtionTransition.m in Sources */,
			);
			runOnlyForDeploymentPostprocessing = 0;
		};
/* End PBXSourcesBuildPhase section */

/* Begin PBXVariantGroup section */
		845C71871C1E5DD2009F99E4 /* Main.storyboard */ = {
			isa = PBXVariantGroup;
			children = (
				845C71881C1E5DD2009F99E4 /* Base */,
			);
			name = Main.storyboard;
			sourceTree = "<group>";
		};
		845C718C1C1E5DD2009F99E4 /* LaunchScreen.storyboard */ = {
			isa = PBXVariantGroup;
			children = (
				845C718D1C1E5DD2009F99E4 /* Base */,
			);
			name = LaunchScreen.storyboard;
			sourceTree = "<group>";
		};
/* End PBXVariantGroup section */

/* Begin XCBuildConfiguration section */
		845C71901C1E5DD2009F99E4 /* Debug */ = {
			isa = XCBuildConfiguration;
			buildSettings = {
				ALWAYS_SEARCH_USER_PATHS = NO;
				CLANG_CXX_LANGUAGE_STANDARD = "gnu++0x";
				CLANG_CXX_LIBRARY = "libc++";
				CLANG_ENABLE_MODULES = YES;
				CLANG_ENABLE_OBJC_ARC = YES;
				CLANG_WARN_BOOL_CONVERSION = YES;
				CLANG_WARN_CONSTANT_CONVERSION = YES;
				CLANG_WARN_DIRECT_OBJC_ISA_USAGE = YES_ERROR;
				CLANG_WARN_EMPTY_BODY = YES;
				CLANG_WARN_ENUM_CONVERSION = YES;
				CLANG_WARN_INT_CONVERSION = YES;
				CLANG_WARN_OBJC_ROOT_CLASS = YES_ERROR;
				CLANG_WARN_UNREACHABLE_CODE = YES;
				CLANG_WARN__DUPLICATE_METHOD_MATCH = YES;
				"CODE_SIGN_IDENTITY[sdk=iphoneos*]" = "iPhone Developer";
				COPY_PHASE_STRIP = NO;
				DEBUG_INFORMATION_FORMAT = dwarf;
				ENABLE_STRICT_OBJC_MSGSEND = YES;
				ENABLE_TESTABILITY = YES;
				GCC_C_LANGUAGE_STANDARD = gnu99;
				GCC_DYNAMIC_NO_PIC = NO;
				GCC_NO_COMMON_BLOCKS = YES;
				GCC_OPTIMIZATION_LEVEL = 0;
				GCC_PREPROCESSOR_DEFINITIONS = (
					"DEBUG=1",
					"$(inherited)",
				);
				GCC_WARN_64_TO_32_BIT_CONVERSION = YES;
				GCC_WARN_ABOUT_RETURN_TYPE = YES_ERROR;
				GCC_WARN_UNDECLARED_SELECTOR = YES;
				GCC_WARN_UNINITIALIZED_AUTOS = YES_AGGRESSIVE;
				GCC_WARN_UNUSED_FUNCTION = YES;
				GCC_WARN_UNUSED_VARIABLE = YES;
				IPHONEOS_DEPLOYMENT_TARGET = 9.2;
				MTL_ENABLE_DEBUG_INFO = YES;
				ONLY_ACTIVE_ARCH = YES;
				SDKROOT = iphoneos;
				TARGETED_DEVICE_FAMILY = "1,2";
			};
			name = Debug;
		};
		845C71911C1E5DD2009F99E4 /* Release */ = {
			isa = XCBuildConfiguration;
			buildSettings = {
				ALWAYS_SEARCH_USER_PATHS = NO;
				CLANG_CXX_LANGUAGE_STANDARD = "gnu++0x";
				CLANG_CXX_LIBRARY = "libc++";
				CLANG_ENABLE_MODULES = YES;
				CLANG_ENABLE_OBJC_ARC = YES;
				CLANG_WARN_BOOL_CONVERSION = YES;
				CLANG_WARN_CONSTANT_CONVERSION = YES;
				CLANG_WARN_DIRECT_OBJC_ISA_USAGE = YES_ERROR;
				CLANG_WARN_EMPTY_BODY = YES;
				CLANG_WARN_ENUM_CONVERSION = YES;
				CLANG_WARN_INT_CONVERSION = YES;
				CLANG_WARN_OBJC_ROOT_CLASS = YES_ERROR;
				CLANG_WARN_UNREACHABLE_CODE = YES;
				CLANG_WARN__DUPLICATE_METHOD_MATCH = YES;
				"CODE_SIGN_IDENTITY[sdk=iphoneos*]" = "iPhone Developer";
				COPY_PHASE_STRIP = NO;
				DEBUG_INFORMATION_FORMAT = "dwarf-with-dsym";
				ENABLE_NS_ASSERTIONS = NO;
				ENABLE_STRICT_OBJC_MSGSEND = YES;
				GCC_C_LANGUAGE_STANDARD = gnu99;
				GCC_NO_COMMON_BLOCKS = YES;
				GCC_WARN_64_TO_32_BIT_CONVERSION = YES;
				GCC_WARN_ABOUT_RETURN_TYPE = YES_ERROR;
				GCC_WARN_UNDECLARED_SELECTOR = YES;
				GCC_WARN_UNINITIALIZED_AUTOS = YES_AGGRESSIVE;
				GCC_WARN_UNUSED_FUNCTION = YES;
				GCC_WARN_UNUSED_VARIABLE = YES;
				IPHONEOS_DEPLOYMENT_TARGET = 9.2;
				MTL_ENABLE_DEBUG_INFO = NO;
				SDKROOT = iphoneos;
				TARGETED_DEVICE_FAMILY = "1,2";
				VALIDATE_PRODUCT = YES;
			};
			name = Release;
		};
		845C71931C1E5DD2009F99E4 /* Debug */ = {
			isa = XCBuildConfiguration;
			buildSettings = {
				ASSETCATALOG_COMPILER_APPICON_NAME = AppIcon;
				INFOPLIST_FILE = UIViewControllerTransition/Info.plist;
				LD_RUNPATH_SEARCH_PATHS = "$(inherited) @executable_path/Frameworks";
				PRODUCT_BUNDLE_IDENTIFIER = com.taitanxiami.UIViewControllerTransition;
				PRODUCT_NAME = "$(TARGET_NAME)";
			};
			name = Debug;
		};
		845C71941C1E5DD2009F99E4 /* Release */ = {
			isa = XCBuildConfiguration;
			buildSettings = {
				ASSETCATALOG_COMPILER_APPICON_NAME = AppIcon;
				INFOPLIST_FILE = UIViewControllerTransition/Info.plist;
				LD_RUNPATH_SEARCH_PATHS = "$(inherited) @executable_path/Frameworks";
				PRODUCT_BUNDLE_IDENTIFIER = com.taitanxiami.UIViewControllerTransition;
				PRODUCT_NAME = "$(TARGET_NAME)";
			};
			name = Release;
		};
/* End XCBuildConfiguration section */

/* Begin XCConfigurationList section */
		845C71761C1E5DD2009F99E4 /* Build configuration list for PBXProject "UIViewControllerTransition" */ = {
			isa = XCConfigurationList;
			buildConfigurations = (
				845C71901C1E5DD2009F99E4 /* Debug */,
				845C71911C1E5DD2009F99E4 /* Release */,
			);
			defaultConfigurationIsVisible = 0;
			defaultConfigurationName = Release;
		};
		845C71921C1E5DD2009F99E4 /* Build configuration list for PBXNativeTarget "UIViewControllerTransition" */ = {
			isa = XCConfigurationList;
			buildConfigurations = (
				845C71931C1E5DD2009F99E4 /* Debug */,
				845C71941C1E5DD2009F99E4 /* Release */,
			);
			defaultConfigurationIsVisible = 0;
			defaultConfigurationName = Release;
		};
/* End XCConfigurationList section */
	};
	rootObject = 845C71731C1E5DD2009F99E4 /* Project object */;
}
